
Microsoft Visual Studio Solution File, Format Version 12.00
# Visual Studio Version 16
VisualStudioVersion = 16.0.34407.143
MinimumVisualStudioVersion = 10.0.40219.1
Project("{FAE04EC0-301F-11D3-BF4B-00C04F79EFBC}") = "Examen2", "Examen2.csproj", "{EADFA325-8E58-4D31-B19D-F1384595FCB9}"
EndProject
Global
	GlobalSection(SolutionConfigurationPlatforms) = preSolution
		Debug|Any CPU = Debug|Any CPU
		Release|Any CPU = Release|Any CPU
	EndGlobalSection
	GlobalSection(ProjectConfigurationPlatforms) = postSolution
		{EADFA325-8E58-4D31-B19D-F1384595FCB9}.Debug|Any CPU.ActiveCfg = Debug|Any CPU
		{EADFA325-8E58-4D31-B19D-F1384595FCB9}.Debug|Any CPU.Build.0 = Debug|Any CPU
		{EADFA325-8E58-4D31-B19D-F1384595FCB9}.Release|Any CPU.ActiveCfg = Release|Any CPU
		{EADFA325-8E58-4D31-B19D-F1384595FCB9}.Release|Any CPU.Build.0 = Release|Any CPU
	EndGlobalSection
	GlobalSection(SolutionProperties) = preSolution
		HideSolutionNode = FALSE
	EndGlobalSection
	GlobalSection(ExtensibilityGlobals) = postSolution
		SolutionGuid = {3E578D3F-54FE-4AB7-91D5-80074BA23CDC}
	EndGlobalSection
EndGlobal
